
Microsoft Visual Studio Solution File, Format Version 12.00
# Visual Studio Version 17
VisualStudioVersion = 17.7.34202.233
MinimumVisualStudioVersion = 10.0.40219.1
Project("{FAE04EC0-301F-11D3-BF4B-00C04F79EFBC}") = "WebNangcao", "WebNangcao\WebNangcao.csproj", "{9EDB4BD2-E2AE-4B95-BA42-B2CF776266F4}"
EndProject
Global
	GlobalSection(SolutionConfigurationPlatforms) = preSolution
		Debug|Any CPU = Debug|Any CPU
		Release|Any CPU = Release|Any CPU
	EndGlobalSection
	GlobalSection(ProjectConfigurationPlatforms) = postSolution
		{9EDB4BD2-E2AE-4B95-BA42-B2CF776266F4}.Debug|Any CPU.ActiveCfg = Debug|Any CPU
		{9EDB4BD2-E2AE-4B95-BA42-B2CF776266F4}.Debug|Any CPU.Build.0 = Debug|Any CPU
		{9EDB4BD2-E2AE-4B95-BA42-B2CF776266F4}.Release|Any CPU.ActiveCfg = Release|Any CPU
		{9EDB4BD2-E2AE-4B95-BA42-B2CF776266F4}.Release|Any CPU.Build.0 = Release|Any CPU
	EndGlobalSection
	GlobalSection(SolutionProperties) = preSolution
		HideSolutionNode = FALSE
	EndGlobalSection
	GlobalSection(ExtensibilityGlobals) = postSolution
		SolutionGuid = {E8B50B09-59D4-448C-9BE4-58CB30163D24}
	EndGlobalSection
EndGlobal
